
Microsoft Visual Studio Solution File, Format Version 12.00
# Visual Studio Version 16
VisualStudioVersion = 16.0.33927.289
MinimumVisualStudioVersion = 10.0.40219.1
Project("{2150E333-8FDC-42A3-9474-1A3956D46DE8}") = "Task0", "Task0", "{660DDFCF-E100-4FF6-8DE9-9628332972D4}"
EndProject
Project("{FAE04EC0-301F-11D3-BF4B-00C04F79EFBC}") = "Tyuiu.ChazovaSR.Sprint0.Task0.V0", "Tyuiu.ChazovaSR.Sprint0.Task0.V0\Tyuiu.ChazovaSR.Sprint0.Task0.V0.csproj", "{417F283D-E086-4818-9575-DB1379E93BB0}"
EndProject
Project("{2150E333-8FDC-42A3-9474-1A3956D46DE8}") = "Task1", "Task1", "{2C1F6C96-788E-4CE1-95E0-F7FF6A90B369}"
EndProject
Project("{FAE04EC0-301F-11D3-BF4B-00C04F79EFBC}") = "Tyuiu.ChazovaSR.Sprint0.Task1.V0", "Tyuiu.ChazovaSR.Sprint0.Task1.V0\Tyuiu.ChazovaSR.Sprint0.Task1.V0.csproj", "{8B305675-BA55-4A05-AC82-BBA275ED7C21}"
EndProject
Project("{2150E333-8FDC-42A3-9474-1A3956D46DE8}") = "Task2", "Task2", "{AB219952-176B-48E6-923A-54320D933DB8}"
EndProject
Project("{FAE04EC0-301F-11D3-BF4B-00C04F79EFBC}") = "Tyuiu.ChazovaSR.Sprint0.Task2.V0", "Tyuiu.ChazovaSR.Sprint0.Task2.V0\Tyuiu.ChazovaSR.Sprint0.Task2.V0.csproj", "{64FEE602-486C-45EE-8950-8B7F3E1ACE1B}"
EndProject
Project("{FAE04EC0-301F-11D3-BF4B-00C04F79EFBC}") = "Tyuiu.ChazovaSR.Sprint0.Task2.V0.Lib", "Tyuiu.ChazovaSR.Sprint0.Task2.V0.Lib\Tyuiu.ChazovaSR.Sprint0.Task2.V0.Lib.csproj", "{EA694BE0-C858-494E-99AB-D1F4BB052514}"
EndProject
Project("{FAE04EC0-301F-11D3-BF4B-00C04F79EFBC}") = "Tyuiu.ChazovaSR.Sprint0.Task2.V0.Test", "Tyuiu.ChazovaSR.Sprint0.Task2.V0.Test\Tyuiu.ChazovaSR.Sprint0.Task2.V0.Test.csproj", "{0E88D080-218E-4087-994A-360D355FD2C9}"
EndProject
Project("{2150E333-8FDC-42A3-9474-1A3956D46DE8}") = "Task3", "Task3", "{9BFE8002-0893-498A-BEB4-AB132A55AA16}"
EndProject
Project("{FAE04EC0-301F-11D3-BF4B-00C04F79EFBC}") = "Tyuiu.ChazovaSR.Sprint0.Task3.V0", "Tyuiu.ChazovaSR.Sprint0.Task3.V0\Tyuiu.ChazovaSR.Sprint0.Task3.V0.csproj", "{CFA6B9BA-BB76-44AF-A1EB-7B6D525FD7E4}"
EndProject
Project("{FAE04EC0-301F-11D3-BF4B-00C04F79EFBC}") = "Tyuiu.ChazovaSR.Sprint0.Task3.V0.Lib", "Tyuiu.ChazovaSR.Sprint0.Task3.V0.Lib\Tyuiu.ChazovaSR.Sprint0.Task3.V0.Lib.csproj", "{F2F59F57-3446-4F8C-8D3E-5790828D07E6}"
EndProject
Project("{FAE04EC0-301F-11D3-BF4B-00C04F79EFBC}") = "Tyuiu.ChazovaSR.Sprint0.Task3.V0.Test", "Tyuiu.ChazovaSR.Sprint0.Task3.V0.Test\Tyuiu.ChazovaSR.Sprint0.Task3.V0.Test.csproj", "{EA948A48-B504-46A7-864A-E093E9A7B323}"
EndProject
Project("{2150E333-8FDC-42A3-9474-1A3956D46DE8}") = "Task4", "Task4", "{26F97D39-CD47-42C9-A8B1-5CEA7B649363}"
EndProject
Project("{FAE04EC0-301F-11D3-BF4B-00C04F79EFBC}") = "Tyuiu.ChazovaSR.Sprint0.Task4.V0", "Tyuiu.ChazovaSR.Sprint0.Task4.V0\Tyuiu.ChazovaSR.Sprint0.Task4.V0.csproj", "{1D336B97-7BC8-4A02-ABDC-B0DD0EE68B2A}"
EndProject
Project("{FAE04EC0-301F-11D3-BF4B-00C04F79EFBC}") = "Tyuiu.ChazovaSR.Sprint0.Task4.V0.Lib", "Tyuiu.ChazovaSR.Sprint0.Task4.V0.Lib\Tyuiu.ChazovaSR.Sprint0.Task4.V0.Lib.csproj", "{65A5912C-5F59-41AB-AEAC-198ED198A8A8}"
EndProject
Project("{FAE04EC0-301F-11D3-BF4B-00C04F79EFBC}") = "Tyuiu.ChazovaSR.Sprint0.Task4.V0.Test", "Tyuiu.ChazovaSR.Sprint0.Task4.V0.Test\Tyuiu.ChazovaSR.Sprint0.Task4.V0.Test.csproj", "{7A757816-5C26-42DD-8070-89A3CB3858C2}"
EndProject
Project("{2150E333-8FDC-42A3-9474-1A3956D46DE8}") = "Task5", "Task5", "{8DC40874-6E78-492B-A48F-FD4F973A1208}"
EndProject
Project("{FAE04EC0-301F-11D3-BF4B-00C04F79EFBC}") = "Tyuiu.ChazovaSR.Sprint0.Task5.V0", "Tyuiu.ChazovaSR.Sprint0.Task5.V0\Tyuiu.ChazovaSR.Sprint0.Task5.V0.csproj", "{8ADD56C0-4102-41B8-A500-BCEB4DC7270D}"
EndProject
Project("{FAE04EC0-301F-11D3-BF4B-00C04F79EFBC}") = "Tyuiu.ChazovaSR.Sprint0.Task5.V0.Lib", "Tyuiu.ChazovaSR.Sprint0.Task5.V0.Lib\Tyuiu.ChazovaSR.Sprint0.Task5.V0.Lib.csproj", "{914C5FF9-47F0-4378-B887-78423A51AC33}"
EndProject
Project("{FAE04EC0-301F-11D3-BF4B-00C04F79EFBC}") = "Tyuiu.ChazovaSR.Sprint0.Task5.V0.Test", "Tyuiu.ChazovaSR.Sprint0.Task5.V0.Test\Tyuiu.ChazovaSR.Sprint0.Task5.V0.Test.csproj", "{2408D079-EC25-4451-983B-9730C3A32EA2}"
EndProject
Global
	GlobalSection(SolutionConfigurationPlatforms) = preSolution
		Debug|Any CPU = Debug|Any CPU
		Release|Any CPU = Release|Any CPU
	EndGlobalSection
	GlobalSection(ProjectConfigurationPlatforms) = postSolution
		{417F283D-E086-4818-9575-DB1379E93BB0}.Debug|Any CPU.ActiveCfg = Debug|Any CPU
		{417F283D-E086-4818-9575-DB1379E93BB0}.Debug|Any CPU.Build.0 = Debug|Any CPU
		{417F283D-E086-4818-9575-DB1379E93BB0}.Release|Any CPU.ActiveCfg = Release|Any CPU
		{417F283D-E086-4818-9575-DB1379E93BB0}.Release|Any CPU.Build.0 = Release|Any CPU
		{8B305675-BA55-4A05-AC82-BBA275ED7C21}.Debug|Any CPU.ActiveCfg = Debug|Any CPU
		{8B305675-BA55-4A05-AC82-BBA275ED7C21}.Debug|Any CPU.Build.0 = Debug|Any CPU
		{8B305675-BA55-4A05-AC82-BBA275ED7C21}.Release|Any CPU.ActiveCfg = Release|Any CPU
		{8B305675-BA55-4A05-AC82-BBA275ED7C21}.Release|Any CPU.Build.0 = Release|Any CPU
		{64FEE602-486C-45EE-8950-8B7F3E1ACE1B}.Debug|Any CPU.ActiveCfg = Debug|Any CPU
		{64FEE602-486C-45EE-8950-8B7F3E1ACE1B}.Debug|Any CPU.Build.0 = Debug|Any CPU
		{64FEE602-486C-45EE-8950-8B7F3E1ACE1B}.Release|Any CPU.ActiveCfg = Release|Any CPU
		{64FEE602-486C-45EE-8950-8B7F3E1ACE1B}.Release|Any CPU.Build.0 = Release|Any CPU
		{EA694BE0-C858-494E-99AB-D1F4BB052514}.Debug|Any CPU.ActiveCfg = Debug|Any CPU
		{EA694BE0-C858-494E-99AB-D1F4BB052514}.Debug|Any CPU.Build.0 = Debug|Any CPU
		{EA694BE0-C858-494E-99AB-D1F4BB052514}.Release|Any CPU.ActiveCfg = Release|Any CPU
		{EA694BE0-C858-494E-99AB-D1F4BB052514}.Release|Any CPU.Build.0 = Release|Any CPU
		{0E88D080-218E-4087-994A-360D355FD2C9}.Debug|Any CPU.ActiveCfg = Debug|Any CPU
		{0E88D080-218E-4087-994A-360D355FD2C9}.Debug|Any CPU.Build.0 = Debug|Any CPU
		{0E88D080-218E-4087-994A-360D355FD2C9}.Release|Any CPU.ActiveCfg = Release|Any CPU
		{0E88D080-218E-4087-994A-360D355FD2C9}.Release|Any CPU.Build.0 = Release|Any CPU
		{CFA6B9BA-BB76-44AF-A1EB-7B6D525FD7E4}.Debug|Any CPU.ActiveCfg = Debug|Any CPU
		{CFA6B9BA-BB76-44AF-A1EB-7B6D525FD7E4}.Debug|Any CPU.Build.0 = Debug|Any CPU
		{CFA6B9BA-BB76-44AF-A1EB-7B6D525FD7E4}.Release|Any CPU.ActiveCfg = Release|Any CPU
		{CFA6B9BA-BB76-44AF-A1EB-7B6D525FD7E4}.Release|Any CPU.Build.0 = Release|Any CPU
		{F2F59F57-3446-4F8C-8D3E-5790828D07E6}.Debug|Any CPU.ActiveCfg = Debug|Any CPU
		{F2F59F57-3446-4F8C-8D3E-5790828D07E6}.Debug|Any CPU.Build.0 = Debug|Any CPU
		{F2F59F57-3446-4F8C-8D3E-5790828D07E6}.Release|Any CPU.ActiveCfg = Release|Any CPU
		{F2F59F57-3446-4F8C-8D3E-5790828D07E6}.Release|Any CPU.Build.0 = Release|Any CPU
		{EA948A48-B504-46A7-864A-E093E9A7B323}.Debug|Any CPU.ActiveCfg = Debug|Any CPU
		{EA948A48-B504-46A7-864A-E093E9A7B323}.Debug|Any CPU.Build.0 = Debug|Any CPU
		{EA948A48-B504-46A7-864A-E093E9A7B323}.Release|Any CPU.ActiveCfg = Release|Any CPU
		{EA948A48-B504-46A7-864A-E093E9A7B323}.Release|Any CPU.Build.0 = Release|Any CPU
		{1D336B97-7BC8-4A02-ABDC-B0DD0EE68B2A}.Debug|Any CPU.ActiveCfg = Debug|Any CPU
		{1D336B97-7BC8-4A02-ABDC-B0DD0EE68B2A}.Debug|Any CPU.Build.0 = Debug|Any CPU
		{1D336B97-7BC8-4A02-ABDC-B0DD0EE68B2A}.Release|Any CPU.ActiveCfg = Release|Any CPU
		{1D336B97-7BC8-4A02-ABDC-B0DD0EE68B2A}.Release|Any CPU.Build.0 = Release|Any CPU
		{65A5912C-5F59-41AB-AEAC-198ED198A8A8}.Debug|Any CPU.ActiveCfg = Debug|Any CPU
		{65A5912C-5F59-41AB-AEAC-198ED198A8A8}.Debug|Any CPU.Build.0 = Debug|Any CPU
		{65A5912C-5F59-41AB-AEAC-198ED198A8A8}.Release|Any CPU.ActiveCfg = Release|Any CPU
		{65A5912C-5F59-41AB-AEAC-198ED198A8A8}.Release|Any CPU.Build.0 = Release|Any CPU
		{7A757816-5C26-42DD-8070-89A3CB3858C2}.Debug|Any CPU.ActiveCfg = Debug|Any CPU
		{7A757816-5C26-42DD-8070-89A3CB3858C2}.Debug|Any CPU.Build.0 = Debug|Any CPU
		{7A757816-5C26-42DD-8070-89A3CB3858C2}.Release|Any CPU.ActiveCfg = Release|Any CPU
		{7A757816-5C26-42DD-8070-89A3CB3858C2}.Release|Any CPU.Build.0 = Release|Any CPU
		{8ADD56C0-4102-41B8-A500-BCEB4DC7270D}.Debug|Any CPU.ActiveCfg = Debug|Any CPU
		{8ADD56C0-4102-41B8-A500-BCEB4DC7270D}.Debug|Any CPU.Build.0 = Debug|Any CPU
		{8ADD56C0-4102-41B8-A500-BCEB4DC7270D}.Release|Any CPU.ActiveCfg = Release|Any CPU
		{8ADD56C0-4102-41B8-A500-BCEB4DC7270D}.Release|Any CPU.Build.0 = Release|Any CPU
		{914C5FF9-47F0-4378-B887-78423A51AC33}.Debug|Any CPU.ActiveCfg = Debug|Any CPU
		{914C5FF9-47F0-4378-B887-78423A51AC33}.Debug|Any CPU.Build.0 = Debug|Any CPU
		{914C5FF9-47F0-4378-B887-78423A51AC33}.Release|Any CPU.ActiveCfg = Release|Any CPU
		{914C5FF9-47F0-4378-B887-78423A51AC33}.Release|Any CPU.Build.0 = Release|Any CPU
		{2408D079-EC25-4451-983B-9730C3A32EA2}.Debug|Any CPU.ActiveCfg = Debug|Any CPU
		{2408D079-EC25-4451-983B-9730C3A32EA2}.Debug|Any CPU.Build.0 = Debug|Any CPU
		{2408D079-EC25-4451-983B-9730C3A32EA2}.Release|Any CPU.ActiveCfg = Release|Any CPU
		{2408D079-EC25-4451-983B-9730C3A32EA2}.Release|Any CPU.Build.0 = Release|Any CPU
	EndGlobalSection
	GlobalSection(SolutionProperties) = preSolution
		HideSolutionNode = FALSE
	EndGlobalSection
	GlobalSection(NestedProjects) = preSolution
		{417F283D-E086-4818-9575-DB1379E93BB0} = {660DDFCF-E100-4FF6-8DE9-9628332972D4}
		{8B305675-BA55-4A05-AC82-BBA275ED7C21} = {2C1F6C96-788E-4CE1-95E0-F7FF6A90B369}
		{64FEE602-486C-45EE-8950-8B7F3E1ACE1B} = {AB219952-176B-48E6-923A-54320D933DB8}
		{EA694BE0-C858-494E-99AB-D1F4BB052514} = {AB219952-176B-48E6-923A-54320D933DB8}
		{0E88D080-218E-4087-994A-360D355FD2C9} = {AB219952-176B-48E6-923A-54320D933DB8}
		{CFA6B9BA-BB76-44AF-A1EB-7B6D525FD7E4} = {9BFE8002-0893-498A-BEB4-AB132A55AA16}
		{F2F59F57-3446-4F8C-8D3E-5790828D07E6} = {9BFE8002-0893-498A-BEB4-AB132A55AA16}
		{EA948A48-B504-46A7-864A-E093E9A7B323} = {9BFE8002-0893-498A-BEB4-AB132A55AA16}
		{1D336B97-7BC8-4A02-ABDC-B0DD0EE68B2A} = {26F97D39-CD47-42C9-A8B1-5CEA7B649363}
		{65A5912C-5F59-41AB-AEAC-198ED198A8A8} = {26F97D39-CD47-42C9-A8B1-5CEA7B649363}
		{7A757816-5C26-42DD-8070-89A3CB3858C2} = {26F97D39-CD47-42C9-A8B1-5CEA7B649363}
		{8ADD56C0-4102-41B8-A500-BCEB4DC7270D} = {8DC40874-6E78-492B-A48F-FD4F973A1208}
		{914C5FF9-47F0-4378-B887-78423A51AC33} = {8DC40874-6E78-492B-A48F-FD4F973A1208}
		{2408D079-EC25-4451-983B-9730C3A32EA2} = {8DC40874-6E78-492B-A48F-FD4F973A1208}
	EndGlobalSection
	GlobalSection(ExtensibilityGlobals) = postSolution
		SolutionGuid = {646915D1-7DEC-49C1-8571-17FD70CFA253}
	EndGlobalSection
EndGlobal
