
Microsoft Visual Studio Solution File, Format Version 12.00
# Visual Studio Version 16
VisualStudioVersion = 16.0.33927.289
MinimumVisualStudioVersion = 10.0.40219.1
Project("{2150E333-8FDC-42A3-9474-1A3956D46DE8}") = "Task0", "Task0", "{660DDFCF-E100-4FF6-8DE9-9628332972D4}"
EndProject
Project("{FAE04EC0-301F-11D3-BF4B-00C04F79EFBC}") = "Tyuiu.ChazovaSR.Sprint0.Task0.V0", "Tyuiu.ChazovaSR.Sprint0.Task0.V0\Tyuiu.ChazovaSR.Sprint0.Task0.V0.csproj", "{417F283D-E086-4818-9575-DB1379E93BB0}"
EndProject
Project("{2150E333-8FDC-42A3-9474-1A3956D46DE8}") = "Task1", "Task1", "{2C1F6C96-788E-4CE1-95E0-F7FF6A90B369}"
EndProject
Project("{FAE04EC0-301F-11D3-BF4B-00C04F79EFBC}") = "Tyuiu.ChazovaSR.Sprint0.Task1.V0", "Tyuiu.ChazovaSR.Sprint0.Task1.V0\Tyuiu.ChazovaSR.Sprint0.Task1.V0.csproj", "{8B305675-BA55-4A05-AC82-BBA275ED7C21}"
EndProject
Global
	GlobalSection(SolutionConfigurationPlatforms) = preSolution
		Debug|Any CPU = Debug|Any CPU
		Release|Any CPU = Release|Any CPU
	EndGlobalSection
	GlobalSection(ProjectConfigurationPlatforms) = postSolution
		{417F283D-E086-4818-9575-DB1379E93BB0}.Debug|Any CPU.ActiveCfg = Debug|Any CPU
		{417F283D-E086-4818-9575-DB1379E93BB0}.Debug|Any CPU.Build.0 = Debug|Any CPU
		{417F283D-E086-4818-9575-DB1379E93BB0}.Release|Any CPU.ActiveCfg = Release|Any CPU
		{417F283D-E086-4818-9575-DB1379E93BB0}.Release|Any CPU.Build.0 = Release|Any CPU
		{8B305675-BA55-4A05-AC82-BBA275ED7C21}.Debug|Any CPU.ActiveCfg = Debug|Any CPU
		{8B305675-BA55-4A05-AC82-BBA275ED7C21}.Debug|Any CPU.Build.0 = Debug|Any CPU
		{8B305675-BA55-4A05-AC82-BBA275ED7C21}.Release|Any CPU.ActiveCfg = Release|Any CPU
		{8B305675-BA55-4A05-AC82-BBA275ED7C21}.Release|Any CPU.Build.0 = Release|Any CPU
	EndGlobalSection
	GlobalSection(SolutionProperties) = preSolution
		HideSolutionNode = FALSE
	EndGlobalSection
	GlobalSection(NestedProjects) = preSolution
		{417F283D-E086-4818-9575-DB1379E93BB0} = {660DDFCF-E100-4FF6-8DE9-9628332972D4}
		{8B305675-BA55-4A05-AC82-BBA275ED7C21} = {2C1F6C96-788E-4CE1-95E0-F7FF6A90B369}
	EndGlobalSection
	GlobalSection(ExtensibilityGlobals) = postSolution
		SolutionGuid = {646915D1-7DEC-49C1-8571-17FD70CFA253}
	EndGlobalSection
EndGlobal
